
Microsoft Visual Studio Solution File, Format Version 12.00
# Visual Studio Version 16
VisualStudioVersion = 16.0.30309.148
MinimumVisualStudioVersion = 10.0.40219.1
Project("{FAE04EC0-301F-11D3-BF4B-00C04F79EFBC}") = "Versionamento_Teste", "Versionamento_Teste\Versionamento_Teste.csproj", "{589EBCDC-992C-451D-BBF4-EC69D54E4817}"
EndProject
Global
	GlobalSection(SolutionConfigurationPlatforms) = preSolution
		Debug|Any CPU = Debug|Any CPU
		Release|Any CPU = Release|Any CPU
	EndGlobalSection
	GlobalSection(ProjectConfigurationPlatforms) = postSolution
		{589EBCDC-992C-451D-BBF4-EC69D54E4817}.Debug|Any CPU.ActiveCfg = Debug|Any CPU
		{589EBCDC-992C-451D-BBF4-EC69D54E4817}.Debug|Any CPU.Build.0 = Debug|Any CPU
		{589EBCDC-992C-451D-BBF4-EC69D54E4817}.Release|Any CPU.ActiveCfg = Release|Any CPU
		{589EBCDC-992C-451D-BBF4-EC69D54E4817}.Release|Any CPU.Build.0 = Release|Any CPU
	EndGlobalSection
	GlobalSection(SolutionProperties) = preSolution
		HideSolutionNode = FALSE
	EndGlobalSection
	GlobalSection(ExtensibilityGlobals) = postSolution
		SolutionGuid = {25D8CE7D-FF6D-43EF-84A8-3099C0942CD3}
	EndGlobalSection
EndGlobal
